{
  "name": "cite-or-die-tooling",
  "lockfileVersion": 3,
  "requires": true,
  "packages": {
    "": {
      "name": "cite-or-die-tooling",
      "devDependencies": {
        "fallow": "2.103.0"
      }
    },
    "node_modules/@fallow-cli/darwin-arm64": {
      "version": "2.103.0",
      "resolved": "https://registry.npmjs.org/@fallow-cli/darwin-arm64/-/darwin-arm64-2.103.0.tgz",
      "integrity": "sha512-uTZCHutYXzMYM0FHWgGbcuDNR/5ovlFy9oGzj+siZeedlhx9fDchNqqZnOhrQPrAHeY9qIC9fkg5EoF39bLpwA==",
      "cpu": [
        "arm64"
      ],
      "dev": true,
      "license": "MIT",
      "optional": true,
      "os": [
        "darwin"
      ]
    },
    "node_modules/@fallow-cli/darwin-x64": {
      "version": "2.103.0",
      "resolved": "https://registry.npmjs.org/@fallow-cli/darwin-x64/-/darwin-x64-2.103.0.tgz",
      "integrity": "sha512-JqPyxaetUcWd0YalmeZB6XK18P9nrpuk8s9hFvjoKErqpbHec4rwUH/WGT5UAJKGxkb/u759DZ6QN5OCSZuc5w==",
      "cpu": [
        "x64"
      ],
      "dev": true,
      "license": "MIT",
      "optional": true,
      "os": [
        "darwin"
      ]
    },
    "node_modules/@fallow-cli/linux-arm64-gnu": {
      "version": "2.103.0",
      "resolved": "https://registry.npmjs.org/@fallow-cli/linux-arm64-gnu/-/linux-arm64-gnu-2.103.0.tgz",
      "integrity": "sha512-SAECbDxorRi1JXmsoZDZPuAJKo8Ocm19AmPxlabWkBNv8TrwatcUXP2xLMYfX5JTPf1Lw8DIvZPI3KtGjqpHKQ==",
      "cpu": [
        "arm64"
      ],
      "dev": true,
      "license": "MIT",
      "optional": true,
      "os": [
        "linux"
      ]
    },
    "node_modules/@fallow-cli/linux-arm64-musl": {
      "version": "2.103.0",
      "resolved": "https://registry.npmjs.org/@fallow-cli/linux-arm64-musl/-/linux-arm64-musl-2.103.0.tgz",
      "integrity": "sha512-JNOliawVHRucrruFJ3DoxsjWrA+/epJW2JSIHJ+kWcXNon6Zyzav1rrHu/cDSSXHRs7p7+sdLQhaAOmw9Q9u1w==",
      "cpu": [
        "arm64"
      ],
      "dev": true,
      "license": "MIT",
      "optional": true,
      "os": [
        "linux"
      ]
    },
    "node_modules/@fallow-cli/linux-x64-gnu": {
      "version": "2.103.0",
      "resolved": "https://registry.npmjs.org/@fallow-cli/linux-x64-gnu/-/linux-x64-gnu-2.103.0.tgz",
      "integrity": "sha512-cB0+iSVqkqxtZ7jkpFPfLGyUeELurcGI4Dj+FnE6/oeRmn2qdKOh8TFAr7qFhrQv81vkKXk66EhF6FiZNUYNSA==",
      "cpu": [
        "x64"
      ],
      "dev": true,
      "license": "MIT",
      "optional": true,
      "os": [
        "linux"
      ]
    },
    "node_modules/@fallow-cli/linux-x64-musl": {
      "version": "2.103.0",
      "resolved": "https://registry.npmjs.org/@fallow-cli/linux-x64-musl/-/linux-x64-musl-2.103.0.tgz",
      "integrity": "sha512-CKtGL1hsxO1AoEDnVAOSK4GRcgjOSfMB6KFHgBNtL/jLvlmDJJKKq+zSlKuN5txYRvOzgrhyGhCAzykRr6DBQg==",
      "cpu": [
        "x64"
      ],
      "dev": true,
      "license": "MIT",
      "optional": true,
      "os": [
        "linux"
      ]
    },
    "node_modules/@fallow-cli/win32-arm64-msvc": {
      "version": "2.103.0",
      "resolved": "https://registry.npmjs.org/@fallow-cli/win32-arm64-msvc/-/win32-arm64-msvc-2.103.0.tgz",
      "integrity": "sha512-oyIxbQwDvwP+nA5EJUAJusg04X8kyooETLEpQTmRsf9X3tJe/U2SOXKfapvRJjRDxmyxfRPTYVQs2rwuFtRCZg==",
      "cpu": [
        "arm64"
      ],
      "dev": true,
      "license": "MIT",
      "optional": true,
      "os": [
        "win32"
      ]
    },
    "node_modules/@fallow-cli/win32-x64-msvc": {
      "version": "2.103.0",
      "resolved": "https://registry.npmjs.org/@fallow-cli/win32-x64-msvc/-/win32-x64-msvc-2.103.0.tgz",
      "integrity": "sha512-wOd8DujxESunwZWu7fBhd1IHoHvNnv1mHLtR68v4sJCtR9CS9ThuyHHmwlpTgUbtCJ3wWZtjT8DCyu1MApTeQA==",
      "cpu": [
        "x64"
      ],
      "dev": true,
      "license": "MIT",
      "optional": true,
      "os": [
        "win32"
      ]
    },
    "node_modules/detect-libc": {
      "version": "2.1.2",
      "resolved": "https://registry.npmjs.org/detect-libc/-/detect-libc-2.1.2.tgz",
      "integrity": "sha512-Btj2BOOO83o3WyH59e8MgXsxEQVcarkUOpEYrubB0urwnN10yQ364rsiByU11nZlqWYZm05i/of7io4mzihBtQ==",
      "dev": true,
      "license": "Apache-2.0",
      "engines": {
        "node": ">=8"
      }
    },
    "node_modules/fallow": {
      "version": "2.103.0",
      "resolved": "https://registry.npmjs.org/fallow/-/fallow-2.103.0.tgz",
      "integrity": "sha512-UWogn/6+R8yPqSjvCEQujFOqTwwhAbhNm5wC21LzNp2TiMGoIYLy39QzVpXLz6eimVWUAACcvwCQN7nbtTKzPA==",
      "dev": true,
      "license": "MIT",
      "dependencies": {
        "detect-libc": "2.1.2"
      },
      "bin": {
        "fallow": "bin/fallow",
        "fallow-lsp": "bin/fallow-lsp",
        "fallow-mcp": "bin/fallow-mcp"
      },
      "engines": {
        "node": ">=16"
      },
      "optionalDependencies": {
        "@fallow-cli/darwin-arm64": "2.103.0",
        "@fallow-cli/darwin-x64": "2.103.0",
        "@fallow-cli/linux-arm64-gnu": "2.103.0",
        "@fallow-cli/linux-arm64-musl": "2.103.0",
        "@fallow-cli/linux-x64-gnu": "2.103.0",
        "@fallow-cli/linux-x64-musl": "2.103.0",
        "@fallow-cli/win32-arm64-msvc": "2.103.0",
        "@fallow-cli/win32-x64-msvc": "2.103.0"
      }
    }
  }
}
